
Microsoft Visual Studio Solution File, Format Version 12.00
# Visual Studio 15
VisualStudioVersion = 15.0.28010.2026
MinimumVisualStudioVersion = 10.0.40219.1
Project("{FAE04EC0-301F-11D3-BF4B-00C04F79EFBC}") = "Rug.Domain.Tests", "Rug.Domain.Tests\Rug.Domain.Tests.csproj", "{4D77296D-025B-4593-B1F0-FCCCA9557DD3}"
EndProject
Project("{9A19103F-16F7-4668-BE54-9A1E7A4F7556}") = "Rug.Domain", "Rug.Domain\Rug.Domain.csproj", "{08D230B2-71E1-44D1-8C2A-C035FE3887E9}"
EndProject
Global
	GlobalSection(SolutionConfigurationPlatforms) = preSolution
		Debug|Any CPU = Debug|Any CPU
		Release|Any CPU = Release|Any CPU
	EndGlobalSection
	GlobalSection(ProjectConfigurationPlatforms) = postSolution
		{4D77296D-025B-4593-B1F0-FCCCA9557DD3}.Debug|Any CPU.ActiveCfg = Debug|Any CPU
		{4D77296D-025B-4593-B1F0-FCCCA9557DD3}.Debug|Any CPU.Build.0 = Debug|Any CPU
		{4D77296D-025B-4593-B1F0-FCCCA9557DD3}.Release|Any CPU.ActiveCfg = Release|Any CPU
		{4D77296D-025B-4593-B1F0-FCCCA9557DD3}.Release|Any CPU.Build.0 = Release|Any CPU
		{08D230B2-71E1-44D1-8C2A-C035FE3887E9}.Debug|Any CPU.ActiveCfg = Debug|Any CPU
		{08D230B2-71E1-44D1-8C2A-C035FE3887E9}.Debug|Any CPU.Build.0 = Debug|Any CPU
		{08D230B2-71E1-44D1-8C2A-C035FE3887E9}.Release|Any CPU.ActiveCfg = Release|Any CPU
		{08D230B2-71E1-44D1-8C2A-C035FE3887E9}.Release|Any CPU.Build.0 = Release|Any CPU
	EndGlobalSection
	GlobalSection(SolutionProperties) = preSolution
		HideSolutionNode = FALSE
	EndGlobalSection
	GlobalSection(ExtensibilityGlobals) = postSolution
		SolutionGuid = {64835861-CF75-4236-8862-BA2DB9761083}
	EndGlobalSection
EndGlobal
